
Microsoft Visual Studio Solution File, Format Version 12.00
# Visual Studio Version 17
VisualStudioVersion = 17.4.33213.308
MinimumVisualStudioVersion = 10.0.40219.1
Project("{9A19103F-16F7-4668-BE54-9A1E7A4F7556}") = "helper-api-dotnet-o5", "helper-api-dotnet-o5.csproj", "{E19DD487-A8FB-454A-9B86-B4E26C8F2C8D}"
EndProject
Project("{9A19103F-16F7-4668-BE54-9A1E7A4F7556}") = "helper-api-test-dotnet-o5", "..\helper-api-test-dotnet-o5\helper-api-test-dotnet-o5.csproj", "{26171590-113D-4ABE-A5AA-2927051D0055}"
EndProject
Global
	GlobalSection(SolutionConfigurationPlatforms) = preSolution
		Debug|Any CPU = Debug|Any CPU
		Release|Any CPU = Release|Any CPU
	EndGlobalSection
	GlobalSection(ProjectConfigurationPlatforms) = postSolution
		{E19DD487-A8FB-454A-9B86-B4E26C8F2C8D}.Debug|Any CPU.ActiveCfg = Debug|Any CPU
		{E19DD487-A8FB-454A-9B86-B4E26C8F2C8D}.Debug|Any CPU.Build.0 = Debug|Any CPU
		{E19DD487-A8FB-454A-9B86-B4E26C8F2C8D}.Release|Any CPU.ActiveCfg = Release|Any CPU
		{E19DD487-A8FB-454A-9B86-B4E26C8F2C8D}.Release|Any CPU.Build.0 = Release|Any CPU
		{26171590-113D-4ABE-A5AA-2927051D0055}.Debug|Any CPU.ActiveCfg = Debug|Any CPU
		{26171590-113D-4ABE-A5AA-2927051D0055}.Debug|Any CPU.Build.0 = Debug|Any CPU
		{26171590-113D-4ABE-A5AA-2927051D0055}.Release|Any CPU.ActiveCfg = Release|Any CPU
		{26171590-113D-4ABE-A5AA-2927051D0055}.Release|Any CPU.Build.0 = Release|Any CPU
	EndGlobalSection
	GlobalSection(SolutionProperties) = preSolution
		HideSolutionNode = FALSE
	EndGlobalSection
	GlobalSection(ExtensibilityGlobals) = postSolution
		SolutionGuid = {81224A25-7AEF-4137-BE35-CCF5E6FA447B}
	EndGlobalSection
EndGlobal
